
Microsoft Visual Studio Solution File, Format Version 12.00
# Visual Studio Version 17
VisualStudioVersion = 17.6.33723.286
MinimumVisualStudioVersion = 10.0.40219.1
Project("{FAE04EC0-301F-11D3-BF4B-00C04F79EFBC}") = "lab 1 sokolov", "lab 1 sokolov\lab 1 sokolov.csproj", "{F9B19A0F-F821-4E31-9AC4-9A0BD0F3C699}"
EndProject
Global
	GlobalSection(SolutionConfigurationPlatforms) = preSolution
		Debug|Any CPU = Debug|Any CPU
		Release|Any CPU = Release|Any CPU
	EndGlobalSection
	GlobalSection(ProjectConfigurationPlatforms) = postSolution
		{F9B19A0F-F821-4E31-9AC4-9A0BD0F3C699}.Debug|Any CPU.ActiveCfg = Debug|Any CPU
		{F9B19A0F-F821-4E31-9AC4-9A0BD0F3C699}.Debug|Any CPU.Build.0 = Debug|Any CPU
		{F9B19A0F-F821-4E31-9AC4-9A0BD0F3C699}.Release|Any CPU.ActiveCfg = Release|Any CPU
		{F9B19A0F-F821-4E31-9AC4-9A0BD0F3C699}.Release|Any CPU.Build.0 = Release|Any CPU
	EndGlobalSection
	GlobalSection(SolutionProperties) = preSolution
		HideSolutionNode = FALSE
	EndGlobalSection
	GlobalSection(ExtensibilityGlobals) = postSolution
		SolutionGuid = {E56B9231-19FB-4EDC-95EB-1CC7A2E4A314}
	EndGlobalSection
EndGlobal
